# THIS IS AN AUTOGENERATED FILE. DO NOT EDIT THIS FILE DIRECTLY.
# yarn lockfile v1


"@types/unist@^2.0.2":
  version "2.0.6"
  resolved "https://registry.yarnpkg.com/@types/unist/-/unist-2.0.6.tgz#250a7b16c3b91f672a24552ec64678eeb1d3a08d"
  integrity sha512-PBjIUxZHOuj0R15/xuwJYjFi+KZdNFrehocChv4g5hu6aFroHue8m0lBP0POdK2nKzbw0cgV1mws8+V/JAcEkQ==

co@3.1.0:
  version "3.1.0"
  resolved "https://registry.yarnpkg.com/co/-/co-3.1.0.tgz#4ea54ea5a08938153185e15210c68d9092bc1b78"
  integrity sha512-CQsjCRiNObI8AtTsNIBDRMQ4oMR83CzEswHYahClvul7gKk+lDQiOKv+5qh7LQWf5sh6jkZNispz/QlsZxyNgA==

collapse-white-space@^1.0.4:
  version "1.0.6"
  resolved "https://registry.yarnpkg.com/collapse-white-space/-/collapse-white-space-1.0.6.tgz#e63629c0016665792060dbbeb79c42239d2c5287"
  integrity sha512-jEovNnrhMuqyCcjfEJA56v0Xq8SkIoPKDyaHahwo3POf4qcSXqMYuwNcOTzp74vTsR9Tn08z4MxWqAhcekogkQ==

fault@^1.0.1:
  version "1.0.4"
  resolved "https://registry.yarnpkg.com/fault/-/fault-1.0.4.tgz#eafcfc0a6d214fc94601e170df29954a4f842f13"
  integrity sha512-CJ0HCB5tL5fYTEA7ToAq5+kTwd++Borf1/bifxd9iT70QcXr4MRrO3Llf8Ifs70q+SJcGHFtnIE/Nw6giCtECA==
  dependencies:
    format "^0.2.0"

format@^0.2.0:
  version "0.2.2"
  resolved "https://registry.yarnpkg.com/format/-/format-0.2.2.tgz#d6170107e9efdc4ed30c9dc39016df942b5cb58b"
  integrity sha512-wzsgA6WOq+09wrU1tsJ09udeR/YZRaeArL9e1wPbFg3GG2yDnC2ldKpxs4xunpFF9DgqCqOIra3bc1HWrJ37Ww==

irregular-plurals@^2.0.0:
  version "2.0.0"
  resolved "https://registry.yarnpkg.com/irregular-plurals/-/irregular-plurals-2.0.0.tgz#39d40f05b00f656d0b7fa471230dd3b714af2872"
  integrity sha512-Y75zBYLkh0lJ9qxeHlMjQ7bSbyiSqNW/UOPWDmzC7cXskL1hekSITh1Oc6JV0XCWWZ9DE8VYSB71xocLk3gmGw==

mdast-comment-marker@^1.0.0:
  version "1.1.2"
  resolved "https://registry.yarnpkg.com/mdast-comment-marker/-/mdast-comment-marker-1.1.2.tgz#5ad2e42cfcc41b92a10c1421a98c288d7b447a6d"
  integrity sha512-vTFXtmbbF3rgnTh3Zl3irso4LtvwUq/jaDvT2D1JqTGAwaipcS7RpTxzi6KjoRqI9n2yuAhzLDAC8xVTF3XYVQ==

mdast-util-heading-style@^1.0.2:
  version "1.0.6"
  resolved "https://registry.yarnpkg.com/mdast-util-heading-style/-/mdast-util-heading-style-1.0.6.tgz#6410418926fd5673d40f519406b35d17da10e3c5"
  integrity sha512-8ZuuegRqS0KESgjAGW8zTx4tJ3VNIiIaGFNEzFpRSAQBavVc7AvOo9I4g3crcZBfYisHs4seYh0rAVimO6HyOw==

mdast-util-to-string@^1.0.2:
  version "1.1.0"
  resolved "https://registry.yarnpkg.com/mdast-util-to-string/-/mdast-util-to-string-1.1.0.tgz#27055500103f51637bd07d01da01eb1967a43527"
  integrity sha512-jVU0Nr2B9X3MU4tSK7JP1CMkSvOj7X5l/GboG1tKRw52lLF1x2Ju92Ms9tNetCcbfX3hzlM73zYo2NKkWSfF/A==

plur@^3.0.0:
  version "3.1.1"
  resolved "https://registry.yarnpkg.com/plur/-/plur-3.1.1.tgz#60267967866a8d811504fe58f2faaba237546a5b"
  integrity sha512-t1Ax8KUvV3FFII8ltczPn2tJdjqbd1sIzu6t4JL7nQ3EyeL/lTrj5PWKb06ic5/6XYDr65rQ4uzQEGN70/6X5w==
  dependencies:
    irregular-plurals "^2.0.0"

remark-frontmatter@^1.3.2:
  version "1.3.3"
  resolved "https://registry.yarnpkg.com/remark-frontmatter/-/remark-frontmatter-1.3.3.tgz#67ec63c89da5a84bb793ecec166e11b4eb47af10"
  integrity sha512-fM5eZPBvu2pVNoq3ZPW22q+5Ativ1oLozq2qYt9I2oNyxiUd/tDl0iLLntEVAegpZIslPWg1brhcP1VsaSVUag==
  dependencies:
    fault "^1.0.1"
    xtend "^4.0.1"

remark-lint-blockquote-indentation@^1.0.0:
  version "1.0.4"
  resolved "https://registry.yarnpkg.com/remark-lint-blockquote-indentation/-/remark-lint-blockquote-indentation-1.0.4.tgz#246b0bcf6ce83ed3eb3e306bba65d08e8cdeb5d2"
  integrity sha512-ExcDP7lufshEBNkVddSHa+Bz/97PtFstIniQ8ZF2TahHPmpx92z3mkI/nXL2Qt5d3B09eTVvh4Pvhgp6x2470g==
  dependencies:
    mdast-util-to-string "^1.0.2"
    plur "^3.0.0"
    unified-lint-rule "^1.0.0"
    unist-util-generated "^1.1.0"
    unist-util-position "^3.0.0"
    unist-util-visit "^1.1.1"

remark-lint-checkbox-character-style@^1.0.0:
  version "1.0.4"
  resolved "https://registry.yarnpkg.com/remark-lint-checkbox-character-style/-/remark-lint-checkbox-character-style-1.0.4.tgz#e8f6a3f2d7277fff0a9a5410295554ccffd37b18"
  integrity sha512-tpuOtk7URmE6EIBgqklB4iCl00GabkemqEUFWxt69IIzG8bFjebiXrYh5BYIewIVQkOwiSDMsCbHdzYnXxgz0g==
  dependencies:
    unified-lint-rule "^1.0.0"
    unist-util-generated "^1.1.0"
    unist-util-position "^3.0.0"
    unist-util-visit "^1.1.1"
    vfile-location "^2.0.1"

remark-lint-code-block-style@^1.0.0:
  version "1.0.4"
  resolved "https://registry.yarnpkg.com/remark-lint-code-block-style/-/remark-lint-code-block-style-1.0.4.tgz#c7d2fc493e4212e6c18a46b3396dae052bd223ad"
  integrity sha512-Wq5F94nkaWTx8W/9C/ydG+DhVWLirBrWb0xnoMQ0cHnizAd3BWw8g0x5L7yglMYSUSVLWY0jfMHgOe9UW3JfTw==
  dependencies:
    unified-lint-rule "^1.0.0"
    unist-util-generated "^1.1.0"
    unist-util-position "^3.0.0"
    unist-util-visit "^1.1.1"

remark-lint-definition-case@^1.0.0:
  version "1.0.5"
  resolved "https://registry.yarnpkg.com/remark-lint-definition-case/-/remark-lint-definition-case-1.0.5.tgz#14746987b90bb91944bf2f7f9c2e0efdac48d9e9"
  integrity sha512-iirq74fKhJZsFw7x4FJuLVRkXclntutG1YKajfLaE3Gm14YlJWBEoabNTk+ENR4QXoB9rTdEqn3Cc3ImO8qciQ==
  dependencies:
    unified-lint-rule "^1.0.0"
    unist-util-generated "^1.1.0"
    unist-util-position "^3.0.0"
    unist-util-visit "^1.4.0"

remark-lint-definition-spacing@^1.0.0:
  version "1.0.5"
  resolved "https://registry.yarnpkg.com/remark-lint-definition-spacing/-/remark-lint-definition-spacing-1.0.5.tgz#d334b418fa66954c13450038056fd383963a6436"
  integrity sha512-ss8OQmK4c/1amEAJpDjkFiByLyXpsYFNzmk6rEZQkxZZd+DVHI0oF+CzSeMVHu48rF2qHOkKhVghqrCM0vleAA==
  dependencies:
    unified-lint-rule "^1.0.0"
    unist-util-generated "^1.1.0"
    unist-util-position "^3.0.0"
    unist-util-visit "^1.4.0"

remark-lint-emphasis-marker@^1.0.0:
  version "1.0.4"
  resolved "https://registry.yarnpkg.com/remark-lint-emphasis-marker/-/remark-lint-emphasis-marker-1.0.4.tgz#86b5824a6d568726a8e5cb675ede92825e3297b7"
  integrity sha512-TdYISSw7Ib6EJDApDj9zcZNDCJEaEoQIrYS3+QH2TQxoDx96B0t1bbErRM5L/hx1UWPBpeFLKpgIWL163eMmYA==
  dependencies:
    unified-lint-rule "^1.0.0"
    unist-util-generated "^1.1.0"
    unist-util-position "^3.0.0"
    unist-util-visit "^1.1.1"

remark-lint-fenced-code-flag@^1.0.0:
  version "1.0.4"
  resolved "https://registry.yarnpkg.com/remark-lint-fenced-code-flag/-/remark-lint-fenced-code-flag-1.0.4.tgz#9b0b2f1b0e3a919697d6b24230cd250353b1d5c8"
  integrity sha512-bkQvlEYco6ZzdzvGPrY7DBsqSq/2mZEmdhpn0KdMEZ9kcKJP4unQdVQys04SKnf9QISqQ446VnQj5Q4E3HMSkQ==
  dependencies:
    unified-lint-rule "^1.0.0"
    unist-util-generated "^1.1.0"
    unist-util-position "^3.0.0"
    unist-util-visit "^1.1.1"

remark-lint-fenced-code-marker@^1.0.0:
  version "1.0.4"
  resolved "https://registry.yarnpkg.com/remark-lint-fenced-code-marker/-/remark-lint-fenced-code-marker-1.0.4.tgz#80a6cc501c21435dad4a4ec635e6b3901b04fd2e"
  integrity sha512-aJF4ISIEvK3NX+C2rN93QoS/32SSiytQKRSeGa+HwsAn3sTwqmy2IoAwbFeZIZA2vqKcVB4h1b9yKamSlfX30Q==
  dependencies:
    unified-lint-rule "^1.0.0"
    unist-util-generated "^1.1.0"
    unist-util-position "^3.0.0"
    unist-util-visit "^1.1.1"

remark-lint-file-extension@^1.0.0:
  version "1.0.5"
  resolved "https://registry.yarnpkg.com/remark-lint-file-extension/-/remark-lint-file-extension-1.0.5.tgz#7e2feec02919aa3db5c71fda19d726a9e24a4c6c"
  integrity sha512-oVQdf5vEomwHkfQ7R/mgmsWW2H/t9kSvnrxtVoNOHr+qnOEafKKDn+AFhioN2kqtjCZBAjSSrePs6xGKmXKDTw==
  dependencies:
    unified-lint-rule "^1.0.0"

remark-lint-final-definition@^1.0.0:
  version "1.0.4"
  resolved "https://registry.yarnpkg.com/remark-lint-final-definition/-/remark-lint-final-definition-1.0.4.tgz#4ebf6f45a54b457d426e3247ef6727e3ce7aff60"
  integrity sha512-y9aDZPhqWcI7AtrJtL69HE6MoWMqDqLQUyWMadzAYUYb9/m4ciLdygJ4cWVpEN3n4mkBepHIsWzASaKHHBDJOQ==
  dependencies:
    unified-lint-rule "^1.0.0"
    unist-util-generated "^1.1.0"
    unist-util-position "^3.0.0"
    unist-util-visit "^1.1.1"

remark-lint-final-newline@^1.0.0:
  version "1.0.5"
  resolved "https://registry.yarnpkg.com/remark-lint-final-newline/-/remark-lint-final-newline-1.0.5.tgz#666f609a91f97c44f5ab7facf1fb3c5b3ffe398f"
  integrity sha512-rfLlW8+Fz2dqnaEgU4JwLA55CQF1T4mfSs/GwkkeUCGPenvEYwSkCN2KO2Gr1dy8qPoOdTFE1rSufLjmeTW5HA==
  dependencies:
    unified-lint-rule "^1.0.0"

remark-lint-hard-break-spaces@^1.0.0:
  version "1.0.5"
  resolved "https://registry.yarnpkg.com/remark-lint-hard-break-spaces/-/remark-lint-hard-break-spaces-1.0.5.tgz#875c0b25d69eaadf71e6c5f2a5ebc8cd705e26ec"
  integrity sha512-Rss7ujNtxipO/hasWYc0QdiO8D5VyliSwj3zAZ8GeDn0ix2KH+pY4/AJC7i9IGcVVbUGvvXLpJB3Pp1VeY7oKw==
  dependencies:
    unified-lint-rule "^1.0.0"
    unist-util-generated "^1.1.0"
    unist-util-position "^3.0.0"
    unist-util-visit "^1.1.1"

remark-lint-heading-increment@^1.0.0:
  version "1.0.4"
  resolved "https://registry.yarnpkg.com/remark-lint-heading-increment/-/remark-lint-heading-increment-1.0.4.tgz#a2bfb6449dda639ed65d361305e5f19a0243ee01"
  integrity sha512-3PJj32G7W1OUyRVSZiZbSOxyFAsw/mNssIosS9G8+6Lq2yeTSMDoCJy0+LC+s00nORFcbzeMedMK5U/eLbDe4w==
  dependencies:
    unified-lint-rule "^1.0.0"
    unist-util-generated "^1.1.0"
    unist-util-visit "^1.1.1"

remark-lint-heading-style@^1.0.0:
  version "1.0.4"
  resolved "https://registry.yarnpkg.com/remark-lint-heading-style/-/remark-lint-heading-style-1.0.4.tgz#eee857c25da86c0e68473d3a61794886a7d06c37"
  integrity sha512-ASssbw0vj9urTMxDJGpOn4K7d9MgPQPJGaCD+7v7je42krofvqC4CxpYvO/fOAkRZcttE91VfFHxkaPjiBtQLw==
  dependencies:
    mdast-util-heading-style "^1.0.2"
    unified-lint-rule "^1.0.0"
    unist-util-generated "^1.1.0"
    unist-util-visit "^1.1.1"

remark-lint-link-title-style@^1.0.0:
  version "1.0.5"
  resolved "https://registry.yarnpkg.com/remark-lint-link-title-style/-/remark-lint-link-title-style-1.0.5.tgz#55e098d1d1640ac2275efae8f3147a9b9b701744"
  integrity sha512-Nu0cKj220q/PmUzELhYRUR2uxXabWuFJq9sApkgsc59uh+NKDtCEdpxkx7Zwvn6kUEwpuQVimeRfdesiKxX52g==
  dependencies:
    unified-lint-rule "^1.0.0"
    unist-util-generated "^1.1.0"
    unist-util-position "^3.0.0"
    unist-util-visit "^1.1.1"
    vfile-location "^2.0.1"

remark-lint-list-item-bullet-indent@^1.0.0:
  version "1.0.4"
  resolved "https://registry.yarnpkg.com/remark-lint-list-item-bullet-indent/-/remark-lint-list-item-bullet-indent-1.0.4.tgz#dd9a0de0109674731e12be109a639b8135c517a1"
  integrity sha512-SqhAmVFkeFQYP5I1qztCi2rfhLWwfSvia3DZ56sz9+h1pMqWIj3FmWRueY36xrnQo3LxsLljM5atI7AJBWxQEw==
  dependencies:
    plur "^3.0.0"
    unified-lint-rule "^1.0.0"
    unist-util-generated "^1.1.0"
    unist-util-position "^3.0.0"
    unist-util-visit "^1.1.1"

remark-lint-list-item-content-indent@^1.0.0:
  version "1.0.4"
  resolved "https://registry.yarnpkg.com/remark-lint-list-item-content-indent/-/remark-lint-list-item-content-indent-1.0.4.tgz#966640afa93d3e42377851bb47ac4c4d551b83f4"
  integrity sha512-zfEeAayZjEKkPr07fnhkGLENxOhnm0WZJTj6UBIXhtGu7rX23WNKSZaiou8iUoHxcO6ySCvIUJAEmq/XN1FxkQ==
  dependencies:
    plur "^3.0.0"
    unified-lint-rule "^1.0.0"
    unist-util-generated "^1.1.0"
    unist-util-position "^3.0.0"
    unist-util-visit "^1.1.1"

remark-lint-list-item-indent@^1.0.0:
  version "1.0.5"
  resolved "https://registry.yarnpkg.com/remark-lint-list-item-indent/-/remark-lint-list-item-indent-1.0.5.tgz#873c51c24ec673af0816347ecf941361a04b1ff4"
  integrity sha512-DjRgxjqaVMrnlQFJypizTPtLa9gSM5ad0LVIFDSstV2UVXSgpBi2+bSsFJEXb4Fkjo/d2JAgt27UhzhcoF2lnw==
  dependencies:
    plur "^3.0.0"
    unified-lint-rule "^1.0.0"
    unist-util-generated "^1.1.0"
    unist-util-position "^3.0.0"
    unist-util-visit "^1.1.1"

remark-lint-list-item-spacing@^1.0.0:
  version "1.1.4"
  resolved "https://registry.yarnpkg.com/remark-lint-list-item-spacing/-/remark-lint-list-item-spacing-1.1.4.tgz#ea0df16f8378ef6414a2473755ade9544adc0888"
  integrity sha512-zZELzTPYCoOCnOWh/nYTfQWnGXWg4/I5KpwrjBqe7WYwoMtvLVU9mqjRj2jHEbmirEXas54NZnYnkCoIBMS4bw==
  dependencies:
    unified-lint-rule "^1.0.0"
    unist-util-generated "^1.1.0"
    unist-util-position "^3.0.0"
    unist-util-visit "^1.1.1"

remark-lint-maximum-heading-length@^1.0.0:
  version "1.0.4"
  resolved "https://registry.yarnpkg.com/remark-lint-maximum-heading-length/-/remark-lint-maximum-heading-length-1.0.4.tgz#49f6d2df870dcf993c053a67fb82344d5aac0af8"
  integrity sha512-dhDBnUFXMuHoW8LSV/VICJAJO+wWumnvuu3ND7MJquCYrsjX2vcRmJXL5cusJSY4yqPosKlOowIkzdV5B6/SDQ==
  dependencies:
    mdast-util-to-string "^1.0.2"
    unified-lint-rule "^1.0.0"
    unist-util-generated "^1.1.0"
    unist-util-visit "^1.1.1"

remark-lint-maximum-line-length@^1.0.0:
  version "1.2.2"
  resolved "https://registry.yarnpkg.com/remark-lint-maximum-line-length/-/remark-lint-maximum-line-length-1.2.2.tgz#9bb53292a0d3263596bd84e23007ead081558bd1"
  integrity sha512-ItAdjK+tUhqggqFvtAJ8iJ0MbBgShLl0HDgpG3In0QSYp/dmofO77DjvRjCJQo1pQYS8/LwlBii9cqg/3MwFfA==
  dependencies:
    unified-lint-rule "^1.0.0"
    unist-util-generated "^1.1.0"
    unist-util-position "^3.0.0"
    unist-util-visit "^1.4.0"

remark-lint-no-auto-link-without-protocol@^1.0.0:
  version "1.0.4"
  resolved "https://registry.yarnpkg.com/remark-lint-no-auto-link-without-protocol/-/remark-lint-no-auto-link-without-protocol-1.0.4.tgz#c7417ee8f5ab7eb45aa1f7c6a345ff6db1acf843"
  integrity sha512-dhDHQLeaI79p7SRoKfxJ9c8J5otQsGua7ILeNbs2Onzn46/tp9ir6zjq3Lfh4VJJr4OVign2e8u+MzXsS7Uu/A==
  dependencies:
    mdast-util-to-string "^1.0.2"
    unified-lint-rule "^1.0.0"
    unist-util-generated "^1.1.0"
    unist-util-position "^3.0.0"
    unist-util-visit "^1.1.1"

remark-lint-no-blockquote-without-marker@^2.0.0:
  version "2.0.4"
  resolved "https://registry.yarnpkg.com/remark-lint-no-blockquote-without-marker/-/remark-lint-no-blockquote-without-marker-2.0.4.tgz#96fe200cd738ee2857c82a549622ed999243a990"
  integrity sha512-a5LFGj7It2z7aBRGaAcztk4D2pax2b7dK9iOarIWv/JBus/PSjZJxzZCma2aAAOQhv3wbNTwqQwuQC0UJHMbPg==
  dependencies:
    unified-lint-rule "^1.0.0"
    unist-util-generated "^1.1.0"
    unist-util-position "^3.0.0"
    unist-util-visit "^1.1.1"
    vfile-location "^2.0.1"

remark-lint-no-consecutive-blank-lines@^1.0.0:
  version "1.0.4"
  resolved "https://registry.yarnpkg.com/remark-lint-no-consecutive-blank-lines/-/remark-lint-no-consecutive-blank-lines-1.0.4.tgz#8819e358e9e609360ced6d61e0076ca1a6a2c971"
  integrity sha512-33rYrp+3OQ2UjG2/xhctruCvkP2iKLuHJhoUOAUV3BGwqJjAB+xNOl+0DdvDo0fxh5dyZuNesBuos3xr2yVR+w==
  dependencies:
    plur "^3.0.0"
    unified-lint-rule "^1.0.0"
    unist-util-generated "^1.1.0"
    unist-util-position "^3.0.0"
    unist-util-visit "^1.1.1"

remark-lint-no-duplicate-definitions@^1.0.0:
  version "1.0.6"
  resolved "https://registry.yarnpkg.com/remark-lint-no-duplicate-definitions/-/remark-lint-no-duplicate-definitions-1.0.6.tgz#07e5c24c7d29f442bf7d7492335d21456caf2c92"
  integrity sha512-0biPtjVtGLRTN+ie7TzJpvKBau6sqkuQsQtuD07M0NSOmSvSU4vXUeOW73O5Q5xM3i6sYVESe+opaPefD3zEoA==
  dependencies:
    unified-lint-rule "^1.0.0"
    unist-util-generated "^1.1.0"
    unist-util-position "^3.0.0"
    unist-util-stringify-position "^2.0.0"
    unist-util-visit "^1.4.0"

remark-lint-no-duplicate-headings@^1.0.0:
  version "1.0.5"
  resolved "https://registry.yarnpkg.com/remark-lint-no-duplicate-headings/-/remark-lint-no-duplicate-headings-1.0.5.tgz#c65f65f254df4a6d5ccfff6f370141bbe142aa21"
  integrity sha512-4GKPxhKpN797V/6Jg1K4Zwqq+PhsjC633+wQMrZcTvOJfY+Rq1i7sNJ9lJVZnsDAlZJI56VqZCKnPJmS2br87g==
  dependencies:
    mdast-util-to-string "^1.0.2"
    unified-lint-rule "^1.0.0"
    unist-util-generated "^1.1.0"
    unist-util-position "^3.0.0"
    unist-util-stringify-position "^2.0.0"
    unist-util-visit "^1.1.1"

remark-lint-no-emphasis-as-heading@^1.0.0:
  version "1.0.4"
  resolved "https://registry.yarnpkg.com/remark-lint-no-emphasis-as-heading/-/remark-lint-no-emphasis-as-heading-1.0.4.tgz#144aef1df77bfcdc7112bd0616a571a484e82538"
  integrity sha512-gnsInLxTkc59eVD3/qelFagD/NcrMPKXT1sy7i4e8D2jqQyrIHHl0p3TfiyNNt8qIjKMKhlIii4k4kVk/3Mczg==
  dependencies:
    unified-lint-rule "^1.0.0"
    unist-util-generated "^1.1.0"
    unist-util-visit "^1.1.1"

remark-lint-no-file-name-articles@^1.0.0:
  version "1.0.5"
  resolved "https://registry.yarnpkg.com/remark-lint-no-file-name-articles/-/remark-lint-no-file-name-articles-1.0.5.tgz#4ca3425f6613f94feaef6941028583299727c339"
  integrity sha512-AQk5eTb3s3TAPPjiglZgqlQj4ycao+gPs8/XkdN1VCPUtewW0GgwoQe7YEuBKayJ6ioN8dGP37Kg/P/PlKaRQA==
  dependencies:
    unified-lint-rule "^1.0.0"

remark-lint-no-file-name-consecutive-dashes@^1.0.0:
  version "1.0.5"
  resolved "https://registry.yarnpkg.com/remark-lint-no-file-name-consecutive-dashes/-/remark-lint-no-file-name-consecutive-dashes-1.0.5.tgz#e9a6f2aeab948aa249c8a8356359e3d8843a4c5c"
  integrity sha512-Mg2IDsi790/dSdAzwnBnsMYdZm3qC2QgGwqOWcr0TPABJhhjC3p8r5fX4MNMTXI5It7B7bW9+ImmCeLOZiXkLg==
  dependencies:
    unified-lint-rule "^1.0.0"

remark-lint-no-file-name-irregular-characters@^1.0.0:
  version "1.0.5"
  resolved "https://registry.yarnpkg.com/remark-lint-no-file-name-irregular-characters/-/remark-lint-no-file-name-irregular-characters-1.0.5.tgz#6866f5b8370cdc916d55e7cf87bb6a55f9b6e0c6"
  integrity sha512-Oe5i99qNUKc2bxmiH421o5B/kqlf1dfjAxpHNLhi2X2dXE91zRGavrlRM/4f4oR0N9Bqb3qB9JZPyMPWrzu9XA==
  dependencies:
    unified-lint-rule "^1.0.0"

remark-lint-no-file-name-mixed-case@^1.0.0:
  version "1.0.5"
  resolved "https://registry.yarnpkg.com/remark-lint-no-file-name-mixed-case/-/remark-lint-no-file-name-mixed-case-1.0.5.tgz#3e37bfef74bbdd4b07aa9ef9dd452758f8b46731"
  integrity sha512-ilrUCbHZin/ENwr8c3SC2chgkFsizXjBQIB/oZ7gnm1IkCkZPiMyXZAHdpwC/DjbrpGxfMYh9JmIHao4giS5+A==
  dependencies:
    unified-lint-rule "^1.0.0"

remark-lint-no-file-name-outer-dashes@^1.0.0:
  version "1.0.6"
  resolved "https://registry.yarnpkg.com/remark-lint-no-file-name-outer-dashes/-/remark-lint-no-file-name-outer-dashes-1.0.6.tgz#4e0e4d42a63f0fdfb856bb5d8d8112725656e700"
  integrity sha512-rT8CmcIlenegS0Yst4maYXdZfqIjBOiRUY8j/KJkORF5tKH+3O1/S07025qPGmcRihzK3w4yO0K8rgkKQw0b9w==
  dependencies:
    unified-lint-rule "^1.0.0"

remark-lint-no-heading-content-indent@^1.0.0:
  version "1.0.4"
  resolved "https://registry.yarnpkg.com/remark-lint-no-heading-content-indent/-/remark-lint-no-heading-content-indent-1.0.4.tgz#85b01524f50c3e6c4fc7f728e691b5fb95bcb163"
  integrity sha512-z+hcAsGbGiy28ERAZuOT1pYf6lkkoR2YlFUt4po4azfXMz5lmidYTotkezsWvA3Bh8N0mIi7hs8syPt8RRIGqg==
  dependencies:
    mdast-util-heading-style "^1.0.2"
    plur "^3.0.0"
    unified-lint-rule "^1.0.0"
    unist-util-generated "^1.1.0"
    unist-util-position "^3.0.0"
    unist-util-visit "^1.1.1"

remark-lint-no-heading-punctuation@^1.0.0:
  version "1.0.4"
  resolved "https://registry.yarnpkg.com/remark-lint-no-heading-punctuation/-/remark-lint-no-heading-punctuation-1.0.4.tgz#f13adfd3a8b87646fb2e337120e22483a2a8b03e"
  integrity sha512-++/HXg/qtVssJjzq2ZgEreoxaazw9KkYrAbTDImKV7Fypo+7bZFELUvFicq0/i9qwAwt1tvhkKtLYt1W/sr1JQ==
  dependencies:
    mdast-util-to-string "^1.0.2"
    unified-lint-rule "^1.0.0"
    unist-util-generated "^1.1.0"
    unist-util-visit "^1.1.1"

remark-lint-no-inline-padding@^1.0.0:
  version "1.0.5"
  resolved "https://registry.yarnpkg.com/remark-lint-no-inline-padding/-/remark-lint-no-inline-padding-1.0.5.tgz#01ec68b2be9154601f68805ae5f5f3173c866ee0"
  integrity sha512-AjS34hBRasYiIAKZJ7/9U42LouRHok2WVTRdQPcVtRBswStNOuot59S+FRsatqlk1wvMmjytqxUKQfVTSeu9ag==
  dependencies:
    mdast-util-to-string "^1.0.2"
    unified-lint-rule "^1.0.0"
    unist-util-generated "^1.1.0"
    unist-util-visit "^1.4.0"

remark-lint-no-literal-urls@^1.0.0:
  version "1.0.4"
  resolved "https://registry.yarnpkg.com/remark-lint-no-literal-urls/-/remark-lint-no-literal-urls-1.0.4.tgz#02152e46a6381a387f7f0bb887944a33e4b8aef4"
  integrity sha512-sHjbzaSG4z6jMu1L0Qx1b7VvIQHy0bR4xZ6t9auJ5AoB5ua8hb/970s77irH1+46TF1ezhE7i+QDjmhcQi09xg==
  dependencies:
    mdast-util-to-string "^1.0.2"
    unified-lint-rule "^1.0.0"
    unist-util-generated "^1.1.0"
    unist-util-position "^3.0.0"
    unist-util-visit "^1.1.1"

remark-lint-no-multiple-toplevel-headings@^1.0.0:
  version "1.0.5"
  resolved "https://registry.yarnpkg.com/remark-lint-no-multiple-toplevel-headings/-/remark-lint-no-multiple-toplevel-headings-1.0.5.tgz#0ac0fa5adf2c87acb78ac44355b554d22f491002"
  integrity sha512-RZ1YPxRO7Bo8mT+A36cZ7nx2QHFAKk+oE6j87YrZYpAKr2oF6snKS8nIGhVku4PSI/9cW1G12MZz1cAA5rcjFw==
  dependencies:
    unified-lint-rule "^1.0.0"
    unist-util-generated "^1.1.0"
    unist-util-position "^3.0.0"
    unist-util-stringify-position "^2.0.0"
    unist-util-visit "^1.1.1"

remark-lint-no-shell-dollars@^1.0.0:
  version "1.0.4"
  resolved "https://registry.yarnpkg.com/remark-lint-no-shell-dollars/-/remark-lint-no-shell-dollars-1.0.4.tgz#18372714b94c0ee89e00ae02279bdc745b95afab"
  integrity sha512-YXFj8FUVTKkVvoAbFY3zv1Ol7Kj1i+qdze3pXSgRG61y1LpfL8/HpnvFrseMbBmNw6o4WpjTo7GoArngJ1sCeg==
  dependencies:
    unified-lint-rule "^1.0.0"
    unist-util-generated "^1.1.0"
    unist-util-visit "^1.1.1"

remark-lint-no-shortcut-reference-image@^1.0.0:
  version "1.0.4"
  resolved "https://registry.yarnpkg.com/remark-lint-no-shortcut-reference-image/-/remark-lint-no-shortcut-reference-image-1.0.4.tgz#ed819f1af33738bb9003b3d92e043edcf7fd2d55"
  integrity sha512-5/9QoesnOHIDwMHU9x+AGPBiFoMe9ZBKIR8nC17C6ZdksgwUIpjBJ3VX5POFlt5E6OhAZaeXqUCq9G2USccEdA==
  dependencies:
    unified-lint-rule "^1.0.0"
    unist-util-generated "^1.1.0"
    unist-util-visit "^1.1.1"

remark-lint-no-shortcut-reference-link@^1.0.0:
  version "1.0.5"
  resolved "https://registry.yarnpkg.com/remark-lint-no-shortcut-reference-link/-/remark-lint-no-shortcut-reference-link-1.0.5.tgz#0c3c48a0ce80e85b89d3d2ec1d264b00eb151584"
  integrity sha512-qDVL7/0ptOTd/nyd9u/4MYFWQtYQU8povdUB45UgTXy5Rrf1WsC+4DfzAEZkX3tOSTExdAIf1WOKqdC5xRcfvA==
  dependencies:
    unified-lint-rule "^1.0.0"
    unist-util-generated "^1.1.0"
    unist-util-visit "^1.1.1"

remark-lint-no-table-indentation@^1.0.0:
  version "1.0.5"
  resolved "https://registry.yarnpkg.com/remark-lint-no-table-indentation/-/remark-lint-no-table-indentation-1.0.5.tgz#e865ab34b172fa7f52ed410d5bb9a7b8adb18817"
  integrity sha512-eE1GL+IzU3vtHdYCKHCZEIhCwiwCM7UH+pMDIMpGfH2LB3cB/Nrfbiz9xadGkARKqxxDMsJSBZDw4A/01IU+kA==
  dependencies:
    unified-lint-rule "^1.0.0"
    unist-util-generated "^1.1.0"
    unist-util-position "^3.0.0"
    unist-util-visit "^1.4.0"

remark-lint-no-trailing-spaces@^2.0.1:
  version "2.0.1"
  resolved "https://registry.yarnpkg.com/remark-lint-no-trailing-spaces/-/remark-lint-no-trailing-spaces-2.0.1.tgz#70e5b1a9487c8f013a2c3ada29b17dd4be280844"
  integrity sha512-cj8t+nvtO6eAY2lJC7o5du8VeOCK13XiDUHL4U6k5aw6ZLr3EYWbQ/rNc6cr60eHkh5Ldm09KiZjV3CWpxqJ0g==
  dependencies:
    unified-lint-rule "^1.0.2"

remark-lint-no-undefined-references@^1.0.0:
  version "1.1.2"
  resolved "https://registry.yarnpkg.com/remark-lint-no-undefined-references/-/remark-lint-no-undefined-references-1.1.2.tgz#6bea9168ce88dd1d71d56f62afa1aad9ddbc17b8"
  integrity sha512-/MEXcusNFHx+BYUf4wuil+GVKTkofvT+VodjyGw5X0OuPZZJ9c/kL0QjHHzuLuGH+oJUsgOOfnJC/eyO0tV8bw==
  dependencies:
    collapse-white-space "^1.0.4"
    unified-lint-rule "^1.0.0"
    unist-util-generated "^1.1.0"
    unist-util-visit "^1.4.0"

remark-lint-no-unused-definitions@^1.0.0:
  version "1.0.6"
  resolved "https://registry.yarnpkg.com/remark-lint-no-unused-definitions/-/remark-lint-no-unused-definitions-1.0.6.tgz#ee48af96fe6c44961328d7fda3e301d24e37c14f"
  integrity sha512-hYHMjbg3wBGT30R9PN74Bieejg2qRkXH9Rc2YakP1unuJoF+X+i5RMsW71spW11/r/+gW2mdzuwBuBoQrWpGTA==
  dependencies:
    unified-lint-rule "^1.0.0"
    unist-util-generated "^1.1.0"
    unist-util-visit "^1.4.0"

remark-lint-ordered-list-marker-style@^1.0.0:
  version "1.0.4"
  resolved "https://registry.yarnpkg.com/remark-lint-ordered-list-marker-style/-/remark-lint-ordered-list-marker-style-1.0.4.tgz#338f384094942389fd943af0523fdf639ccbf3d8"
  integrity sha512-c6AIqeePzm3nfkPCbTdwBS3/AQICgwE76+ryOc7tsSq4ulyK/Nt8Syvi/oiHYuonBddZoGtFTNCn0jqen9qscA==
  dependencies:
    unified-lint-rule "^1.0.0"
    unist-util-generated "^1.1.0"
    unist-util-position "^3.0.0"
    unist-util-visit "^1.1.1"

remark-lint-ordered-list-marker-value@^1.0.0:
  version "1.0.5"
  resolved "https://registry.yarnpkg.com/remark-lint-ordered-list-marker-value/-/remark-lint-ordered-list-marker-value-1.0.5.tgz#00b52a49aa77e8ed81c53354843846d30525c35b"
  integrity sha512-eKepbNNfu9rEuG8WvV0sc7B+KiPMgq5Nc9baAxL9Hi6mhpj347YFWXxJUNttSINS13YTpnHxPvXmF9SzhjFKNQ==
  dependencies:
    unified-lint-rule "^1.0.0"
    unist-util-generated "^1.1.0"
    unist-util-position "^3.0.0"
    unist-util-visit "^1.1.1"

remark-lint-rule-style@^1.0.0:
  version "1.0.4"
  resolved "https://registry.yarnpkg.com/remark-lint-rule-style/-/remark-lint-rule-style-1.0.4.tgz#16de7183711f9bcc96355e3f475f793090552b58"
  integrity sha512-omr5P6CCvo2zixCzK9uiGZpwzOE+4rc+95kWH95k2iA6Rp8Qohp8RK4unSRKLtFYGUhSbiQPgWaQXHDxMkWczg==
  dependencies:
    unified-lint-rule "^1.0.0"
    unist-util-generated "^1.1.0"
    unist-util-position "^3.0.0"
    unist-util-visit "^1.1.1"

remark-lint-strong-marker@^1.0.0:
  version "1.0.4"
  resolved "https://registry.yarnpkg.com/remark-lint-strong-marker/-/remark-lint-strong-marker-1.0.4.tgz#7cef1bc8e9446f4f1d009555e42cc08bd30bddb4"
  integrity sha512-X9f6yhZ85cdP0cmCgkqlbxllpeQ60pS9Qqk9Jb9SZo6f95esaHptQ5bExb1ZVXzhSHz2Xz86tUhXtzG3zGFD4g==
  dependencies:
    unified-lint-rule "^1.0.0"
    unist-util-generated "^1.1.0"
    unist-util-position "^3.0.0"
    unist-util-visit "^1.1.1"

remark-lint-table-cell-padding@^1.0.0:
  version "1.0.5"
  resolved "https://registry.yarnpkg.com/remark-lint-table-cell-padding/-/remark-lint-table-cell-padding-1.0.5.tgz#0a533eaa60746a5976704ec9e6e49de311d67a95"
  integrity sha512-N/WpcymrGBSPbLiv2OQTvdzNn6H9ctdyEA+P/odn4G9FqyrLmeTMkGJuGtinU569hLG/RtHqZIDeFVDiYi8Wzw==
  dependencies:
    unified-lint-rule "^1.0.0"
    unist-util-generated "^1.1.0"
    unist-util-position "^3.0.0"
    unist-util-visit "^1.4.0"

remark-lint-table-pipe-alignment@^1.0.0:
  version "1.0.4"
  resolved "https://registry.yarnpkg.com/remark-lint-table-pipe-alignment/-/remark-lint-table-pipe-alignment-1.0.4.tgz#5b6a08bc7a8eb66f5002667991405b616d0ffb02"
  integrity sha512-pmELEOXeUjMQedyVvOtZcTCnTu6FxZ4gfBskMx6iJhOFEEKTFOmviqlKLpndPBxFNZB86AiE0C00/NvAaut8dw==
  dependencies:
    unified-lint-rule "^1.0.0"
    unist-util-generated "^1.1.0"
    unist-util-position "^3.0.0"
    unist-util-visit "^1.1.1"

remark-lint-table-pipes@^1.0.0:
  version "1.0.4"
  resolved "https://registry.yarnpkg.com/remark-lint-table-pipes/-/remark-lint-table-pipes-1.0.4.tgz#b8cd860a3098385bbdbd4b1f9b34ac6cfed16035"
  integrity sha512-0fdnoiiSLIPd/76gNvQY4pg27d8HkMmmv5gCGfD+Z/Si9DdpbJdq93U0kX+Botb3+/4VEDIlcU7Cp5HXppMTWA==
  dependencies:
    unified-lint-rule "^1.0.0"
    unist-util-generated "^1.1.0"
    unist-util-position "^3.0.0"
    unist-util-visit "^1.1.1"

remark-lint-unordered-list-marker-style@^1.0.0:
  version "1.0.4"
  resolved "https://registry.yarnpkg.com/remark-lint-unordered-list-marker-style/-/remark-lint-unordered-list-marker-style-1.0.4.tgz#c4952f929a96d82a0e18d86a32b70ea454523c85"
  integrity sha512-lcuG1J74VGTT4gl8oH33HpkHrqorxjxMlJnBupLFrVowqvJ2hAq8yPJdGZ7P46uZOYw+Xz+Qv08bF8A73PNWxQ==
  dependencies:
    unified-lint-rule "^1.0.0"
    unist-util-generated "^1.1.0"
    unist-util-position "^3.0.0"
    unist-util-visit "^1.1.1"

remark-lint@^6.0.0:
  version "6.0.6"
  resolved "https://registry.yarnpkg.com/remark-lint/-/remark-lint-6.0.6.tgz#5bf64efe5d88f3caf859ad541ab00656e3ca9c63"
  integrity sha512-JBY6zz5fYQFN724Vq6VeiHwhyjVIlrww/dE1+hWGcDyUuz7YNCqwZKwBdQGDvslICkzHw/wEExNEb8D4PNiLlA==
  dependencies:
    remark-message-control "^4.0.0"

remark-message-control@^4.0.0:
  version "4.2.0"
  resolved "https://registry.yarnpkg.com/remark-message-control/-/remark-message-control-4.2.0.tgz#184c4a69ce6c4c707a5633fa35b0ce3dbf81f22c"
  integrity sha512-WXH2t5ljTyhsXlK1zPBLF3iPHbXl58R94phPMreS1xcHWBZJt6Oiu8RtNjy1poZFb3PqKnbYLJeR/CWcZ1bTFw==
  dependencies:
    mdast-comment-marker "^1.0.0"
    unified-message-control "^1.0.0"
    xtend "^4.0.1"

remark-preset-lint-consistent@^2.0.3:
  version "2.0.4"
  resolved "https://registry.yarnpkg.com/remark-preset-lint-consistent/-/remark-preset-lint-consistent-2.0.4.tgz#a25aec548c6e440102b92185bc300ec3a2e8d435"
  integrity sha512-cGFSS0ONYEnEYG/USN4f+01BFog2DfBq+jftI1ajSJDPBni6gYffPj6qkT+DZ1F3xkesxLnWAQQb6ZZfa/zGog==
  dependencies:
    remark-lint "^6.0.0"
    remark-lint-blockquote-indentation "^1.0.0"
    remark-lint-checkbox-character-style "^1.0.0"
    remark-lint-code-block-style "^1.0.0"
    remark-lint-emphasis-marker "^1.0.0"
    remark-lint-fenced-code-marker "^1.0.0"
    remark-lint-heading-style "^1.0.0"
    remark-lint-link-title-style "^1.0.0"
    remark-lint-list-item-content-indent "^1.0.0"
    remark-lint-ordered-list-marker-style "^1.0.0"
    remark-lint-rule-style "^1.0.0"
    remark-lint-strong-marker "^1.0.0"
    remark-lint-table-cell-padding "^1.0.0"

remark-preset-lint-markdown-style-guide@^2.1.3:
  version "2.1.4"
  resolved "https://registry.yarnpkg.com/remark-preset-lint-markdown-style-guide/-/remark-preset-lint-markdown-style-guide-2.1.4.tgz#fb51373db7f4045fb10dea7aa095686d3762ba7f"
  integrity sha512-CGEN3DRtJEp+BvfgZ+VKxuq0Ij8Uw2DXfrbhK2xn4/XxatcHRPN8tnagXbMe1LHaQJGN8Gl1+UyLjsfIk6hyGQ==
  dependencies:
    remark-lint "^6.0.0"
    remark-lint-blockquote-indentation "^1.0.0"
    remark-lint-code-block-style "^1.0.0"
    remark-lint-definition-case "^1.0.0"
    remark-lint-definition-spacing "^1.0.0"
    remark-lint-emphasis-marker "^1.0.0"
    remark-lint-fenced-code-flag "^1.0.0"
    remark-lint-fenced-code-marker "^1.0.0"
    remark-lint-file-extension "^1.0.0"
    remark-lint-final-definition "^1.0.0"
    remark-lint-hard-break-spaces "^1.0.0"
    remark-lint-heading-increment "^1.0.0"
    remark-lint-heading-style "^1.0.0"
    remark-lint-link-title-style "^1.0.0"
    remark-lint-list-item-content-indent "^1.0.0"
    remark-lint-list-item-indent "^1.0.0"
    remark-lint-list-item-spacing "^1.0.0"
    remark-lint-maximum-heading-length "^1.0.0"
    remark-lint-maximum-line-length "^1.0.0"
    remark-lint-no-auto-link-without-protocol "^1.0.0"
    remark-lint-no-blockquote-without-marker "^2.0.0"
    remark-lint-no-consecutive-blank-lines "^1.0.0"
    remark-lint-no-duplicate-headings "^1.0.0"
    remark-lint-no-emphasis-as-heading "^1.0.0"
    remark-lint-no-file-name-articles "^1.0.0"
    remark-lint-no-file-name-consecutive-dashes "^1.0.0"
    remark-lint-no-file-name-irregular-characters "^1.0.0"
    remark-lint-no-file-name-mixed-case "^1.0.0"
    remark-lint-no-file-name-outer-dashes "^1.0.0"
    remark-lint-no-heading-punctuation "^1.0.0"
    remark-lint-no-inline-padding "^1.0.0"
    remark-lint-no-literal-urls "^1.0.0"
    remark-lint-no-multiple-toplevel-headings "^1.0.0"
    remark-lint-no-shell-dollars "^1.0.0"
    remark-lint-no-shortcut-reference-image "^1.0.0"
    remark-lint-no-shortcut-reference-link "^1.0.0"
    remark-lint-no-table-indentation "^1.0.0"
    remark-lint-ordered-list-marker-style "^1.0.0"
    remark-lint-ordered-list-marker-value "^1.0.0"
    remark-lint-rule-style "^1.0.0"
    remark-lint-strong-marker "^1.0.0"
    remark-lint-table-cell-padding "^1.0.0"
    remark-lint-table-pipe-alignment "^1.0.0"
    remark-lint-table-pipes "^1.0.0"
    remark-lint-unordered-list-marker-style "^1.0.0"

remark-preset-lint-recommended@^3.0.3:
  version "3.0.4"
  resolved "https://registry.yarnpkg.com/remark-preset-lint-recommended/-/remark-preset-lint-recommended-3.0.4.tgz#8e43940e46b2cb0dc6c89c71066f87f59321d5de"
  integrity sha512-i4GoobwWKt5LDJxIZjhHnnYiQISacNE8Oxj1ViwSHJnTUCtd7vh3KwtsfV8DrLsFUqRogX49iJEuZWXipY3PJA==
  dependencies:
    remark-lint "^6.0.0"
    remark-lint-final-newline "^1.0.0"
    remark-lint-hard-break-spaces "^1.0.0"
    remark-lint-list-item-bullet-indent "^1.0.0"
    remark-lint-list-item-indent "^1.0.0"
    remark-lint-no-auto-link-without-protocol "^1.0.0"
    remark-lint-no-blockquote-without-marker "^2.0.0"
    remark-lint-no-duplicate-definitions "^1.0.0"
    remark-lint-no-heading-content-indent "^1.0.0"
    remark-lint-no-inline-padding "^1.0.0"
    remark-lint-no-literal-urls "^1.0.0"
    remark-lint-no-shortcut-reference-image "^1.0.0"
    remark-lint-no-shortcut-reference-link "^1.0.0"
    remark-lint-no-undefined-references "^1.0.0"
    remark-lint-no-unused-definitions "^1.0.0"
    remark-lint-ordered-list-marker-style "^1.0.0"

remark-reference-links@^4.0.4:
  version "4.0.4"
  resolved "https://registry.yarnpkg.com/remark-reference-links/-/remark-reference-links-4.0.4.tgz#190579a0d6b002859d6cdbdc5aeb8bbdae4e06ab"
  integrity sha512-+2X8hwSQqxG4tvjYZNrTcEC+bXp8shQvwRGG6J/rnFTvBoU4G0BBviZoqKGZizLh/DG+0gSYhiDDWCqyxXW1iQ==
  dependencies:
    unist-util-visit "^1.0.0"

sliced@^1.0.1:
  version "1.0.1"
  resolved "https://registry.yarnpkg.com/sliced/-/sliced-1.0.1.tgz#0b3a662b5d04c3177b1926bea82b03f837a2ef41"
  integrity sha512-VZBmZP8WU3sMOZm1bdgTadsQbcscK0UM8oKxKVBs4XAhUo2Xxzm/OFMGBkPusxw9xL3Uy8LrzEqGqJhclsr0yA==

trim@0.0.1:
  version "0.0.1"
  resolved "https://registry.yarnpkg.com/trim/-/trim-0.0.1.tgz#5858547f6b290757ee95cccc666fb50084c460dd"
  integrity sha512-YzQV+TZg4AxpKxaTHK3c3D+kRDCGVEE7LemdlQZoQXn0iennk10RsIoY6ikzAqJTc9Xjl9C1/waHom/J86ziAQ==

unified-lint-rule@^1.0.0, unified-lint-rule@^1.0.2:
  version "1.0.6"
  resolved "https://registry.yarnpkg.com/unified-lint-rule/-/unified-lint-rule-1.0.6.tgz#b4ab801ff93c251faa917a8d1c10241af030de84"
  integrity sha512-YPK15YBFwnsVorDFG/u0cVVQN5G2a3V8zv5/N6KN3TCG+ajKtaALcy7u14DCSrJI+gZeyYquFL9cioJXOGXSvg==
  dependencies:
    wrapped "^1.0.1"

unified-message-control@^1.0.0:
  version "1.0.4"
  resolved "https://registry.yarnpkg.com/unified-message-control/-/unified-message-control-1.0.4.tgz#a5e02c07112f78c6687b83a10392c2fba86dc09b"
  integrity sha512-e1dEtN4Z/TvLn/qHm+xeZpzqhJTtfZusFErk336kkZVpqrJYiV9ptxq+SbRPFMlN0OkjDYHmVJ929KYjsMTo3g==
  dependencies:
    trim "0.0.1"
    unist-util-visit "^1.0.0"
    vfile-location "^2.0.0"

unist-util-generated@^1.1.0:
  version "1.1.6"
  resolved "https://registry.yarnpkg.com/unist-util-generated/-/unist-util-generated-1.1.6.tgz#5ab51f689e2992a472beb1b35f2ce7ff2f324d4b"
  integrity sha512-cln2Mm1/CZzN5ttGK7vkoGw+RZ8VcUH6BtGbq98DDtRGquAAOXig1mrBQYelOwMXYS8rK+vZDyyojSjp7JX+Lg==

unist-util-is@^3.0.0:
  version "3.0.0"
  resolved "https://registry.yarnpkg.com/unist-util-is/-/unist-util-is-3.0.0.tgz#d9e84381c2468e82629e4a5be9d7d05a2dd324cd"
  integrity sha512-sVZZX3+kspVNmLWBPAB6r+7D9ZgAFPNWm66f7YNb420RlQSbn+n8rG8dGZSkrER7ZIXGQYNm5pqC3v3HopH24A==

unist-util-position@^3.0.0:
  version "3.1.0"
  resolved "https://registry.yarnpkg.com/unist-util-position/-/unist-util-position-3.1.0.tgz#1c42ee6301f8d52f47d14f62bbdb796571fa2d47"
  integrity sha512-w+PkwCbYSFw8vpgWD0v7zRCl1FpY3fjDSQ3/N/wNd9Ffa4gPi8+4keqt99N3XW6F99t/mUzp2xAhNmfKWp95QA==

unist-util-stringify-position@^2.0.0:
  version "2.0.3"
  resolved "https://registry.yarnpkg.com/unist-util-stringify-position/-/unist-util-stringify-position-2.0.3.tgz#cce3bfa1cdf85ba7375d1d5b17bdc4cada9bd9da"
  integrity sha512-3faScn5I+hy9VleOq/qNbAd6pAx7iH5jYBMS9I1HgQVijz/4mv5Bvw5iw1sC/90CODiKo81G/ps8AJrISn687g==
  dependencies:
    "@types/unist" "^2.0.2"

unist-util-visit-parents@^2.0.0:
  version "2.1.2"
  resolved "https://registry.yarnpkg.com/unist-util-visit-parents/-/unist-util-visit-parents-2.1.2.tgz#25e43e55312166f3348cae6743588781d112c1e9"
  integrity sha512-DyN5vD4NE3aSeB+PXYNKxzGsfocxp6asDc2XXE3b0ekO2BaRUpBicbbUygfSvYfUz1IkmjFR1YF7dPklraMZ2g==
  dependencies:
    unist-util-is "^3.0.0"

unist-util-visit@^1.0.0, unist-util-visit@^1.1.1, unist-util-visit@^1.4.0:
  version "1.4.1"
  resolved "https://registry.yarnpkg.com/unist-util-visit/-/unist-util-visit-1.4.1.tgz#4724aaa8486e6ee6e26d7ff3c8685960d560b1e3"
  integrity sha512-AvGNk7Bb//EmJZyhtRUnNMEpId/AZ5Ph/KUpTI09WHQuDZHKovQ1oEv3mfmKpWKtoMzyMC4GLBm1Zy5k12fjIw==
  dependencies:
    unist-util-visit-parents "^2.0.0"

vfile-location@^2.0.0, vfile-location@^2.0.1:
  version "2.0.6"
  resolved "https://registry.yarnpkg.com/vfile-location/-/vfile-location-2.0.6.tgz#8a274f39411b8719ea5728802e10d9e0dff1519e"
  integrity sha512-sSFdyCP3G6Ka0CEmN83A2YCMKIieHx0EDaj5IDP4g1pa5ZJ4FJDvpO0WODLxo4LUX4oe52gmSCK7Jw4SBghqxA==

wrapped@^1.0.1:
  version "1.0.1"
  resolved "https://registry.yarnpkg.com/wrapped/-/wrapped-1.0.1.tgz#c783d9d807b273e9b01e851680a938c87c907242"
  integrity sha512-ZTKuqiTu3WXtL72UKCCnQLRax2IScKH7oQ+mvjbpvNE+NJxIWIemDqqM2GxNr4N16NCjOYpIgpin5pStM7kM5g==
  dependencies:
    co "3.1.0"
    sliced "^1.0.1"

xtend@^4.0.1:
  version "4.0.2"
  resolved "https://registry.yarnpkg.com/xtend/-/xtend-4.0.2.tgz#bb72779f5fa465186b1f438f674fa347fdb5db54"
  integrity sha512-LKYU1iAXJXUgAXn9URjiu+MWhyUXHsvfp7mcuYm9dSUKK0/CjtrUwFAxD82/mCWbtLsGjFIad0wIsod4zrTAEQ==
